// !$*UTF8*$!
{
	archiveVersion = 1;
	classes = {
	};
	objectVersion = 46;
	objects = {

/* Begin PBXBuildFile section */
		56EAF29C1060B90E00D59D2C /* DataExporter.cpp in Sources */ = {isa = PBXBuildFile; fileRef = 56EAF2991060B90E00D59D2C /* DataExporter.cpp */; };
		56EAF29D1060B90E00D59D2C /* Main.cpp in Sources */ = {isa = PBXBuildFile; fileRef = 56EAF29A1060B90E00D59D2C /* Main.cpp */; };
		56EAF29E1060B90E00D59D2C /* Random.cpp in Sources */ = {isa = PBXBuildFile; fileRef = 56EAF29B1060B90E00D59D2C /* Random.cpp */; };
		56FF545F12A78DCF009059B3 /* libnetcdf_c++.dylib in Frameworks */ = {isa = PBXBuildFile; fileRef = 56FF545E12A78DCF009059B3 /* libnetcdf_c++.dylib */; };
		8DD76F6A0486A84900D96B5E /* rnnlib_xcode.1 in CopyFiles */ = {isa = PBXBuildFile; fileRef = C6859E8B029090EE04C91782 /* rnnlib_xcode.1 */; };
/* End PBXBuildFile section */

/* Begin PBXCopyFilesBuildPhase section */
		8DD76F690486A84900D96B5E /* CopyFiles */ = {
			isa = PBXCopyFilesBuildPhase;
			buildActionMask = 8;
			dstPath = /usr/bin/;
			dstSubfolderSpec = 0;
			files = (
				8DD76F6A0486A84900D96B5E /* rnnlib_xcode.1 in CopyFiles */,
			);
			runOnlyForDeploymentPostprocessing = 1;
		};
/* End PBXCopyFilesBuildPhase section */

/* Begin PBXFileReference section */
		562A0D6A1124014500B14DE7 /* IdentityLayer.hpp */ = {isa = PBXFileReference; fileEncoding = 4; lastKnownFileType = sourcecode.cpp.h; name = IdentityLayer.hpp; path = ../../src/IdentityLayer.hpp; sourceTree = SOURCE_ROOT; };
		5632FC7B11F3012400D07FC8 /* libnetcdf.dylib */ = {isa = PBXFileReference; lastKnownFileType = "compiled.mach-o.dylib"; name = libnetcdf.dylib; path = /usr/local/lib/libnetcdf.dylib; sourceTree = "<absolute>"; };
		563E15611169BCCD00524531 /* Log.hpp */ = {isa = PBXFileReference; fileEncoding = 4; lastKnownFileType = sourcecode.cpp.h; name = Log.hpp; path = ../../src/Log.hpp; sourceTree = SOURCE_ROOT; };
		563EE02B10A0891900F482FE /* Makefile.am */ = {isa = PBXFileReference; fileEncoding = 4; lastKnownFileType = text; name = Makefile.am; path = ../../src/Makefile.am; sourceTree = SOURCE_ROOT; };
		569BEE4C11D34D520074BFC5 /* String.hpp */ = {isa = PBXFileReference; fileEncoding = 4; lastKnownFileType = sourcecode.cpp.h; name = String.hpp; path = ../../src/String.hpp; sourceTree = SOURCE_ROOT; };
		56B10B05106430B200BD3740 /* Container.hpp */ = {isa = PBXFileReference; fileEncoding = 4; lastKnownFileType = sourcecode.cpp.h; name = Container.hpp; path = ../../src/Container.hpp; sourceTree = SOURCE_ROOT; };
		56E322FC11974295009C8271 /* NetworkOutput.hpp */ = {isa = PBXFileReference; fileEncoding = 4; lastKnownFileType = sourcecode.cpp.h; name = NetworkOutput.hpp; path = ../../src/NetworkOutput.hpp; sourceTree = SOURCE_ROOT; };
		56EAF2611060B90D00D59D2C /* ActivationFunctions.hpp */ = {isa = PBXFileReference; fileEncoding = 4; lastKnownFileType = sourcecode.cpp.h; name = ActivationFunctions.hpp; path = ../../src/ActivationFunctions.hpp; sourceTree = SOURCE_ROOT; };
		56EAF2631060B90D00D59D2C /* BiasLayer.hpp */ = {isa = PBXFileReference; fileEncoding = 4; lastKnownFileType = sourcecode.cpp.h; name = BiasLayer.hpp; path = ../../src/BiasLayer.hpp; sourceTree = SOURCE_ROOT; };
		56EAF2641060B90D00D59D2C /* BlockLayer.hpp */ = {isa = PBXFileReference; fileEncoding = 4; lastKnownFileType = sourcecode.cpp.h; name = BlockLayer.hpp; path = ../../src/BlockLayer.hpp; sourceTree = SOURCE_ROOT; };
		56EAF2651060B90D00D59D2C /* ClassificationLayer.hpp */ = {isa = PBXFileReference; fileEncoding = 4; lastKnownFileType = sourcecode.cpp.h; name = ClassificationLayer.hpp; path = ../../src/ClassificationLayer.hpp; sourceTree = SOURCE_ROOT; };
		56EAF2671060B90D00D59D2C /* CollapseLayer.hpp */ = {isa = PBXFileReference; fileEncoding = 4; lastKnownFileType = sourcecode.cpp.h; name = CollapseLayer.hpp; path = ../../src/CollapseLayer.hpp; sourceTree = SOURCE_ROOT; };
		56EAF2691060B90D00D59D2C /* ConfigFile.hpp */ = {isa = PBXFileReference; fileEncoding = 4; lastKnownFileType = sourcecode.cpp.h; name = ConfigFile.hpp; path = ../../src/ConfigFile.hpp; sourceTree = SOURCE_ROOT; };
		56EAF26A1060B90D00D59D2C /* Connection.hpp */ = {isa = PBXFileReference; fileEncoding = 4; lastKnownFileType = sourcecode.cpp.h; name = Connection.hpp; path = ../../src/Connection.hpp; sourceTree = SOURCE_ROOT; };
		56EAF26B1060B90D00D59D2C /* CopyConnection.hpp */ = {isa = PBXFileReference; fileEncoding = 4; lastKnownFileType = sourcecode.cpp.h; name = CopyConnection.hpp; path = ../../src/CopyConnection.hpp; sourceTree = SOURCE_ROOT; };
		56EAF26C1060B90D00D59D2C /* DataExporter.hpp */ = {isa = PBXFileReference; fileEncoding = 4; lastKnownFileType = sourcecode.cpp.h; name = DataExporter.hpp; path = ../../src/DataExporter.hpp; sourceTree = SOURCE_ROOT; };
		56EAF26D1060B90D00D59D2C /* DataSequence.hpp */ = {isa = PBXFileReference; fileEncoding = 4; lastKnownFileType = sourcecode.cpp.h; name = DataSequence.hpp; path = ../../src/DataSequence.hpp; sourceTree = SOURCE_ROOT; };
		56EAF26E1060B90D00D59D2C /* DatasetErrors.hpp */ = {isa = PBXFileReference; fileEncoding = 4; lastKnownFileType = sourcecode.cpp.h; name = DatasetErrors.hpp; path = ../../src/DatasetErrors.hpp; sourceTree = SOURCE_ROOT; };
		56EAF2711060B90E00D59D2C /* FullConnection.hpp */ = {isa = PBXFileReference; fileEncoding = 4; lastKnownFileType = sourcecode.cpp.h; name = FullConnection.hpp; path = ../../src/FullConnection.hpp; sourceTree = SOURCE_ROOT; };
		56EAF2721060B90E00D59D2C /* GatherLayer.hpp */ = {isa = PBXFileReference; fileEncoding = 4; lastKnownFileType = sourcecode.cpp.h; name = GatherLayer.hpp; path = ../../src/GatherLayer.hpp; sourceTree = SOURCE_ROOT; };
		56EAF2731060B90E00D59D2C /* GradientCheck.hpp */ = {isa = PBXFileReference; fileEncoding = 4; lastKnownFileType = sourcecode.cpp.h; name = GradientCheck.hpp; path = ../../src/GradientCheck.hpp; sourceTree = SOURCE_ROOT; };
		56EAF2741060B90E00D59D2C /* Helpers.hpp */ = {isa = PBXFileReference; fileEncoding = 4; lastKnownFileType = sourcecode.cpp.h; name = Helpers.hpp; path = ../../src/Helpers.hpp; sourceTree = SOURCE_ROOT; };
		56EAF2751060B90E00D59D2C /* InputLayer.hpp */ = {isa = PBXFileReference; fileEncoding = 4; lastKnownFileType = sourcecode.cpp.h; name = InputLayer.hpp; path = ../../src/InputLayer.hpp; sourceTree = SOURCE_ROOT; };
		56EAF2761060B90E00D59D2C /* Layer.hpp */ = {isa = PBXFileReference; fileEncoding = 4; lastKnownFileType = sourcecode.cpp.h; name = Layer.hpp; path = ../../src/Layer.hpp; sourceTree = SOURCE_ROOT; };
		56EAF27A1060B90E00D59D2C /* LstmLayer.hpp */ = {isa = PBXFileReference; fileEncoding = 4; lastKnownFileType = sourcecode.cpp.h; name = LstmLayer.hpp; path = ../../src/LstmLayer.hpp; sourceTree = SOURCE_ROOT; };
		56EAF27B1060B90E00D59D2C /* Matrix.hpp */ = {isa = PBXFileReference; fileEncoding = 4; lastKnownFileType = sourcecode.cpp.h; name = Matrix.hpp; path = ../../src/Matrix.hpp; sourceTree = SOURCE_ROOT; };
		56EAF27C1060B90E00D59D2C /* Mdrnn.hpp */ = {isa = PBXFileReference; fileEncoding = 4; lastKnownFileType = sourcecode.cpp.h; name = Mdrnn.hpp; path = ../../src/Mdrnn.hpp; sourceTree = SOURCE_ROOT; };
		56EAF27F1060B90E00D59D2C /* MultiArray.hpp */ = {isa = PBXFileReference; fileEncoding = 4; lastKnownFileType = sourcecode.cpp.h; name = MultiArray.hpp; path = ../../src/MultiArray.hpp; sourceTree = SOURCE_ROOT; };
		56EAF2801060B90E00D59D2C /* MultilayerNet.hpp */ = {isa = PBXFileReference; fileEncoding = 4; lastKnownFileType = sourcecode.cpp.h; name = MultilayerNet.hpp; path = ../../src/MultilayerNet.hpp; sourceTree = SOURCE_ROOT; };
		56EAF2811060B90E00D59D2C /* Named.hpp */ = {isa = PBXFileReference; fileEncoding = 4; lastKnownFileType = sourcecode.cpp.h; name = Named.hpp; path = ../../src/Named.hpp; sourceTree = SOURCE_ROOT; };
		56EAF2821060B90E00D59D2C /* NetcdfDataset.hpp */ = {isa = PBXFileReference; fileEncoding = 4; lastKnownFileType = sourcecode.cpp.h; name = NetcdfDataset.hpp; path = ../../src/NetcdfDataset.hpp; sourceTree = SOURCE_ROOT; };
		56EAF2831060B90E00D59D2C /* NeuronLayer.hpp */ = {isa = PBXFileReference; fileEncoding = 4; lastKnownFileType = sourcecode.cpp.h; name = NeuronLayer.hpp; path = ../../src/NeuronLayer.hpp; sourceTree = SOURCE_ROOT; };
		56EAF2851060B90E00D59D2C /* Optimiser.hpp */ = {isa = PBXFileReference; fileEncoding = 4; lastKnownFileType = sourcecode.cpp.h; name = Optimiser.hpp; path = ../../src/Optimiser.hpp; sourceTree = SOURCE_ROOT; };
		56EAF28A1060B90E00D59D2C /* Random.hpp */ = {isa = PBXFileReference; fileEncoding = 4; lastKnownFileType = sourcecode.cpp.h; name = Random.hpp; path = ../../src/Random.hpp; sourceTree = SOURCE_ROOT; };
		56EAF28C1060B90E00D59D2C /* Rprop.hpp */ = {isa = PBXFileReference; fileEncoding = 4; lastKnownFileType = sourcecode.cpp.h; name = Rprop.hpp; path = ../../src/Rprop.hpp; sourceTree = SOURCE_ROOT; };
		56EAF28E1060B90E00D59D2C /* SeqBuffer.hpp */ = {isa = PBXFileReference; fileEncoding = 4; lastKnownFileType = sourcecode.cpp.h; name = SeqBuffer.hpp; path = ../../src/SeqBuffer.hpp; sourceTree = SOURCE_ROOT; };
		56EAF28F1060B90E00D59D2C /* SoftmaxLayer.hpp */ = {isa = PBXFileReference; fileEncoding = 4; lastKnownFileType = sourcecode.cpp.h; name = SoftmaxLayer.hpp; path = ../../src/SoftmaxLayer.hpp; sourceTree = SOURCE_ROOT; };
		56EAF2901060B90E00D59D2C /* SteepestDescent.hpp */ = {isa = PBXFileReference; fileEncoding = 4; lastKnownFileType = sourcecode.cpp.h; name = SteepestDescent.hpp; path = ../../src/SteepestDescent.hpp; sourceTree = SOURCE_ROOT; };
		56EAF2911060B90E00D59D2C /* StringAlignment.hpp */ = {isa = PBXFileReference; fileEncoding = 4; lastKnownFileType = sourcecode.cpp.h; name = StringAlignment.hpp; path = ../../src/StringAlignment.hpp; sourceTree = SOURCE_ROOT; };
		56EAF2921060B90E00D59D2C /* Trainer.hpp */ = {isa = PBXFileReference; fileEncoding = 4; lastKnownFileType = sourcecode.cpp.h; name = Trainer.hpp; path = ../../src/Trainer.hpp; sourceTree = SOURCE_ROOT; };
		56EAF2931060B90E00D59D2C /* TranscriptionLayer.hpp */ = {isa = PBXFileReference; fileEncoding = 4; lastKnownFileType = sourcecode.cpp.h; name = TranscriptionLayer.hpp; path = ../../src/TranscriptionLayer.hpp; sourceTree = SOURCE_ROOT; };
		56EAF2951060B90E00D59D2C /* WeightContainer.hpp */ = {isa = PBXFileReference; fileEncoding = 4; lastKnownFileType = sourcecode.cpp.h; name = WeightContainer.hpp; path = ../../src/WeightContainer.hpp; sourceTree = SOURCE_ROOT; };
		56EAF2991060B90E00D59D2C /* DataExporter.cpp */ = {isa = PBXFileReference; fileEncoding = 4; lastKnownFileType = sourcecode.cpp.cpp; name = DataExporter.cpp; path = ../../src/DataExporter.cpp; sourceTree = SOURCE_ROOT; };
		56EAF29A1060B90E00D59D2C /* Main.cpp */ = {isa = PBXFileReference; fileEncoding = 4; lastKnownFileType = sourcecode.cpp.cpp; name = Main.cpp; path = ../../src/Main.cpp; sourceTree = SOURCE_ROOT; };
		56EAF29B1060B90E00D59D2C /* Random.cpp */ = {isa = PBXFileReference; fileEncoding = 4; lastKnownFileType = sourcecode.cpp.cpp; name = Random.cpp; path = ../../src/Random.cpp; sourceTree = SOURCE_ROOT; };
		56FF545E12A78DCF009059B3 /* libnetcdf_c++.dylib */ = {isa = PBXFileReference; lastKnownFileType = "compiled.mach-o.dylib"; name = "libnetcdf_c++.dylib"; path = "/usr/local/lib/libnetcdf_c++.dylib"; sourceTree = "<absolute>"; };
		8DD76F6C0486A84900D96B5E /* rnnlib */ = {isa = PBXFileReference; explicitFileType = "compiled.mach-o.executable"; includeInIndex = 0; path = rnnlib; sourceTree = BUILT_PRODUCTS_DIR; };
		C6859E8B029090EE04C91782 /* rnnlib_xcode.1 */ = {isa = PBXFileReference; lastKnownFileType = text.man; path = rnnlib_xcode.1; sourceTree = "<group>"; };
/* End PBXFileReference section */

/* Begin PBXFrameworksBuildPhase section */
		8DD76F660486A84900D96B5E /* Frameworks */ = {
			isa = PBXFrameworksBuildPhase;
			buildActionMask = 2147483647;
			files = (
				56FF545F12A78DCF009059B3 /* libnetcdf_c++.dylib in Frameworks */,
			);
			runOnlyForDeploymentPostprocessing = 0;
		};
/* End PBXFrameworksBuildPhase section */

/* Begin PBXGroup section */
		08FB7794FE84155DC02AAC07 /* rnnlib_xcode */ = {
			isa = PBXGroup;
			children = (
				C6859E8C029090F304C91782 /* Documentation */,
				563EE02B10A0891900F482FE /* Makefile.am */,
				1AB674ADFE9D54B511CA2CBB /* Products */,
				08FB7795FE84155DC02AAC07 /* Source */,
				5632FC7B11F3012400D07FC8 /* libnetcdf.dylib */,
				56FF545E12A78DCF009059B3 /* libnetcdf_c++.dylib */,
			);
			name = rnnlib_xcode;
			sourceTree = "<group>";
		};
		08FB7795FE84155DC02AAC07 /* Source */ = {
			isa = PBXGroup;
			children = (
				56EAF2611060B90D00D59D2C /* ActivationFunctions.hpp */,
				56EAF2631060B90D00D59D2C /* BiasLayer.hpp */,
				56EAF2641060B90D00D59D2C /* BlockLayer.hpp */,
				56EAF2651060B90D00D59D2C /* ClassificationLayer.hpp */,
				56EAF2671060B90D00D59D2C /* CollapseLayer.hpp */,
				56EAF2691060B90D00D59D2C /* ConfigFile.hpp */,
				56EAF26A1060B90D00D59D2C /* Connection.hpp */,
				56B10B05106430B200BD3740 /* Container.hpp */,
				56EAF26B1060B90D00D59D2C /* CopyConnection.hpp */,
				56EAF2991060B90E00D59D2C /* DataExporter.cpp */,
				56EAF26C1060B90D00D59D2C /* DataExporter.hpp */,
				56EAF26D1060B90D00D59D2C /* DataSequence.hpp */,
				56EAF26E1060B90D00D59D2C /* DatasetErrors.hpp */,
				56EAF2711060B90E00D59D2C /* FullConnection.hpp */,
				56EAF2721060B90E00D59D2C /* GatherLayer.hpp */,
				56EAF2731060B90E00D59D2C /* GradientCheck.hpp */,
				56EAF2741060B90E00D59D2C /* Helpers.hpp */,
				562A0D6A1124014500B14DE7 /* IdentityLayer.hpp */,
				56EAF2751060B90E00D59D2C /* InputLayer.hpp */,
				56EAF2761060B90E00D59D2C /* Layer.hpp */,
				563E15611169BCCD00524531 /* Log.hpp */,
				56EAF27A1060B90E00D59D2C /* LstmLayer.hpp */,
				56EAF29A1060B90E00D59D2C /* Main.cpp */,
				56EAF27B1060B90E00D59D2C /* Matrix.hpp */,
				56EAF27C1060B90E00D59D2C /* Mdrnn.hpp */,
				56EAF27F1060B90E00D59D2C /* MultiArray.hpp */,
				56EAF2801060B90E00D59D2C /* MultilayerNet.hpp */,
				56EAF2811060B90E00D59D2C /* Named.hpp */,
				56EAF2821060B90E00D59D2C /* NetcdfDataset.hpp */,
				56E322FC11974295009C8271 /* NetworkOutput.hpp */,
				56EAF2831060B90E00D59D2C /* NeuronLayer.hpp */,
				56EAF2851060B90E00D59D2C /* Optimiser.hpp */,
				56EAF29B1060B90E00D59D2C /* Random.cpp */,
				56EAF28A1060B90E00D59D2C /* Random.hpp */,
				56EAF28C1060B90E00D59D2C /* Rprop.hpp */,
				56EAF28E1060B90E00D59D2C /* SeqBuffer.hpp */,
				56EAF28F1060B90E00D59D2C /* SoftmaxLayer.hpp */,
				56EAF2901060B90E00D59D2C /* SteepestDescent.hpp */,
				569BEE4C11D34D520074BFC5 /* String.hpp */,
				56EAF2911060B90E00D59D2C /* StringAlignment.hpp */,
				56EAF2921060B90E00D59D2C /* Trainer.hpp */,
				56EAF2931060B90E00D59D2C /* TranscriptionLayer.hpp */,
				56EAF2951060B90E00D59D2C /* WeightContainer.hpp */,
			);
			name = Source;
			sourceTree = "<group>";
		};
		1AB674ADFE9D54B511CA2CBB /* Products */ = {
			isa = PBXGroup;
			children = (
				8DD76F6C0486A84900D96B5E /* rnnlib */,
			);
			name = Products;
			sourceTree = "<group>";
		};
		C6859E8C029090F304C91782 /* Documentation */ = {
			isa = PBXGroup;
			children = (
				C6859E8B029090EE04C91782 /* rnnlib_xcode.1 */,
			);
			name = Documentation;
			sourceTree = "<group>";
		};
/* End PBXGroup section */

/* Begin PBXNativeTarget section */
		8DD76F620486A84900D96B5E /* rnnlib_xcode */ = {
			isa = PBXNativeTarget;
			buildConfigurationList = 1DEB923108733DC60010E9CD /* Build configuration list for PBXNativeTarget "rnnlib_xcode" */;
			buildPhases = (
				8DD76F640486A84900D96B5E /* Sources */,
				8DD76F660486A84900D96B5E /* Frameworks */,
				8DD76F690486A84900D96B5E /* CopyFiles */,
			);
			buildRules = (
			);
			dependencies = (
			);
			name = rnnlib_xcode;
			productInstallPath = "$(HOME)/bin";
			productName = rnnlib_xcode;
			productReference = 8DD76F6C0486A84900D96B5E /* rnnlib */;
			productType = "com.apple.product-type.tool";
		};
/* End PBXNativeTarget section */

/* Begin PBXProject section */
		08FB7793FE84155DC02AAC07 /* Project object */ = {
			isa = PBXProject;
			buildConfigurationList = 1DEB923508733DC60010E9CD /* Build configuration list for PBXProject "rnnlib_xcode" */;
			compatibilityVersion = "Xcode 3.2";
			developmentRegion = English;
			hasScannedForEncodings = 1;
			knownRegions = (
				English,
				Japanese,
				French,
				German,
			);
			mainGroup = 08FB7794FE84155DC02AAC07 /* rnnlib_xcode */;
			projectDirPath = "";
			projectRoot = "";
			targets = (
				8DD76F620486A84900D96B5E /* rnnlib_xcode */,
			);
		};
/* End PBXProject section */

/* Begin PBXSourcesBuildPhase section */
		8DD76F640486A84900D96B5E /* Sources */ = {
			isa = PBXSourcesBuildPhase;
			buildActionMask = 2147483647;
			files = (
				56EAF29C1060B90E00D59D2C /* DataExporter.cpp in Sources */,
				56EAF29D1060B90E00D59D2C /* Main.cpp in Sources */,
				56EAF29E1060B90E00D59D2C /* Random.cpp in Sources */,
			);
			runOnlyForDeploymentPostprocessing = 0;
		};
/* End PBXSourcesBuildPhase section */

/* Begin XCBuildConfiguration section */
		1DEB923208733DC60010E9CD /* Debug */ = {
			isa = XCBuildConfiguration;
			buildSettings = {
				ALWAYS_SEARCH_USER_PATHS = NO;
				ARCHS = "$(NATIVE_ARCH_ACTUAL)";
				CONFIGURATION_BUILD_DIR = ../../bin;
				COPY_PHASE_STRIP = NO;
				DEBUG_INFORMATION_FORMAT = dwarf;
				GCC_CW_ASM_SYNTAX = NO;
				GCC_C_LANGUAGE_STANDARD = "compiler-default";
				GCC_DYNAMIC_NO_PIC = NO;
				GCC_ENABLE_FIX_AND_CONTINUE = YES;
				GCC_ENABLE_OBJC_EXCEPTIONS = NO;
				GCC_ENABLE_PASCAL_STRINGS = NO;
				GCC_FAST_MATH = NO;
				GCC_FAST_OBJC_DISPATCH = NO;
				GCC_MODEL_TUNING = G5;
				GCC_OPTIMIZATION_LEVEL = 0;
				GCC_PREPROCESSOR_DEFINITIONS = "";
				GCC_VERSION = com.apple.compilers.llvmgcc42;
				GENERATE_PROFILING_CODE = NO;
				HEADER_SEARCH_PATHS = (
					/System/Library/Frameworks/vecLib.framework/Versions/A/Headers/,
					/opt/local/include/,
					/usr/local/include/boost_1_51_0/,
				);
				INSTALL_PATH = /usr/local/bin;
				LIBRARY_SEARCH_PATHS = (
					/opt/local/lib,
					/usr/local/lib,
				);
				MACH_O_TYPE = mh_execute;
				MACOSX_DEPLOYMENT_TARGET = 10.8;
				OTHER_CPLUSPLUSFLAGS = (
					"$(OTHER_CFLAGS)",
					"-framework",
					vecLib,
				);
				PRODUCT_NAME = rnnlib;
				RUN_CLANG_STATIC_ANALYZER = NO;
				SCAN_ALL_SOURCE_FILES_FOR_INCLUDES = YES;
				SDKROOT = macosx;
				SYMROOT = ../../bin;
				VALIDATE_PRODUCT = YES;
			};
			name = Debug;
		};
		1DEB923308733DC60010E9CD /* Release */ = {
			isa = XCBuildConfiguration;
			buildSettings = {
				ALWAYS_SEARCH_USER_PATHS = NO;
				ARCHS = "$(NATIVE_ARCH_ACTUAL)";
				COPY_PHASE_STRIP = NO;
				DEBUG_INFORMATION_FORMAT = dwarf;
				GCC_AUTO_VECTORIZATION = YES;
				GCC_CW_ASM_SYNTAX = NO;
				GCC_C_LANGUAGE_STANDARD = "compiler-default";
				GCC_ENABLE_OBJC_EXCEPTIONS = NO;
				GCC_ENABLE_PASCAL_STRINGS = NO;
				GCC_ENABLE_SSE3_EXTENSIONS = YES;
				GCC_ENABLE_SSE41_EXTENSIONS = YES;
				GCC_ENABLE_SSE42_EXTENSIONS = YES;
				GCC_ENABLE_SUPPLEMENTAL_SSE3_INSTRUCTIONS = YES;
				GCC_FAST_MATH = NO;
				GCC_FAST_OBJC_DISPATCH = NO;
				GCC_MODEL_PPC64 = YES;
				GCC_MODEL_TUNING = G5;
				GCC_OPTIMIZATION_LEVEL = 3;
				GCC_UNROLL_LOOPS = YES;
				GCC_VERSION = com.apple.compilers.llvmgcc42;
				HEADER_SEARCH_PATHS = (
					/System/Library/Frameworks/vecLib.framework/Versions/A/Headers/,
					/opt/local/include/,
					/usr/local/include/boost_1_51_0/,
				);
				INSTALL_PATH = /usr/local/bin;
				LIBRARY_SEARCH_PATHS = (
					/opt/local/lib,
					/usr/local/lib,
				);
				MACH_O_TYPE = mh_execute;
				MACOSX_DEPLOYMENT_TARGET = 10.8;
				ONLY_ACTIVE_ARCH = YES;
				OTHER_CPLUSPLUSFLAGS = (
					"$(OTHER_CFLAGS)",
					"-framework",
					vecLib,
				);
				PRODUCT_NAME = rnnlib;
				SCAN_ALL_SOURCE_FILES_FOR_INCLUDES = YES;
				SDKROOT = macosx;
				VALIDATE_PRODUCT = YES;
			};
			name = Release;
		};
		1DEB923608733DC60010E9CD /* Debug */ = {
			isa = XCBuildConfiguration;
			buildSettings = {
				ALWAYS_SEARCH_USER_PATHS = NO;
				ARCHS = "$(NATIVE_ARCH_ACTUAL)";
				CONFIGURATION_BUILD_DIR = ../../bin;
				COPY_PHASE_STRIP = NO;
				GCC_C_LANGUAGE_STANDARD = gnu99;
				GCC_OPTIMIZATION_LEVEL = 0;
				GCC_VERSION = com.apple.compilers.llvmgcc42;
				GCC_WARN_ABOUT_RETURN_TYPE = YES;
				GCC_WARN_UNUSED_VARIABLE = YES;
				HEADER_SEARCH_PATHS = "";
				LIBRARY_SEARCH_PATHS = "";
				OBJROOT = build;
				ONLY_ACTIVE_ARCH = YES;
				PREBINDING = NO;
				SCAN_ALL_SOURCE_FILES_FOR_INCLUDES = YES;
				SDKROOT = macosx;
				STRIP_INSTALLED_PRODUCT = NO;
				SYMROOT = build;
				VALIDATE_PRODUCT = YES;
			};
			name = Debug;
		};
		1DEB923708733DC60010E9CD /* Release */ = {
			isa = XCBuildConfiguration;
			buildSettings = {
				ALWAYS_SEARCH_USER_PATHS = NO;
				ARCHS = "$(NATIVE_ARCH_ACTUAL)";
				CONFIGURATION_BUILD_DIR = "$(BUILD_DIR)";
				COPY_PHASE_STRIP = NO;
				GCC_AUTO_VECTORIZATION = YES;
				GCC_C_LANGUAGE_STANDARD = gnu99;
				GCC_DYNAMIC_NO_PIC = YES;
				GCC_ENABLE_SSE3_EXTENSIONS = YES;
				GCC_ENABLE_SSE41_EXTENSIONS = YES;
				GCC_ENABLE_SSE42_EXTENSIONS = YES;
				GCC_ENABLE_SUPPLEMENTAL_SSE3_INSTRUCTIONS = YES;
				GCC_FAST_MATH = YES;
				GCC_MODEL_PPC64 = YES;
				GCC_MODEL_TUNING = "";
				GCC_OPTIMIZATION_LEVEL = 3;
				GCC_UNROLL_LOOPS = YES;
				GCC_VERSION = com.apple.compilers.llvmgcc42;
				GCC_WARN_ABOUT_RETURN_TYPE = YES;
				GCC_WARN_UNUSED_VARIABLE = YES;
				HEADER_SEARCH_PATHS = "";
				LIBRARY_SEARCH_PATHS = "";
				OBJROOT = build;
				ONLY_ACTIVE_ARCH = YES;
				PREBINDING = NO;
				SCAN_ALL_SOURCE_FILES_FOR_INCLUDES = YES;
				SDKROOT = macosx;
				STRIP_INSTALLED_PRODUCT = NO;
				SYMROOT = ../../bin;
				VALIDATE_PRODUCT = YES;
			};
			name = Release;
		};
/* End XCBuildConfiguration section */

/* Begin XCConfigurationList section */
		1DEB923108733DC60010E9CD /* Build configuration list for PBXNativeTarget "rnnlib_xcode" */ = {
			isa = XCConfigurationList;
			buildConfigurations = (
				1DEB923208733DC60010E9CD /* Debug */,
				1DEB923308733DC60010E9CD /* Release */,
			);
			defaultConfigurationIsVisible = 0;
			defaultConfigurationName = Release;
		};
		1DEB923508733DC60010E9CD /* Build configuration list for PBXProject "rnnlib_xcode" */ = {
			isa = XCConfigurationList;
			buildConfigurations = (
				1DEB923608733DC60010E9CD /* Debug */,
				1DEB923708733DC60010E9CD /* Release */,
			);
			defaultConfigurationIsVisible = 0;
			defaultConfigurationName = Release;
		};
/* End XCConfigurationList section */
	};
	rootObject = 08FB7793FE84155DC02AAC07 /* Project object */;
}
